hash: 1821f6690aca2e932372002c08425cbe24b82343ea4bc4823af366b9e64d1316
updated: 2017-01-24T17:49:47.661556022-08:00
imports:
- name: github.com/asaskevich/govalidator
  version: fdf19785fd3558d619ef81212f5edf1d6c2a5911
- name: github.com/beautiful-code/sal
  version: 6375053a3cc58ddd5765f05a91e56a9eba06c78f
  subpackages:
  - utils
  - messages
  - common
  - common/utils
  - services/application/app
  - services/application/models
  - services/application/routers
  - common/messages
  - services/application/controllers
- name: github.com/go-sql-driver/mysql
  version: 2e00b5cd70399450106cec6431c2e2ce3cae5034
- name: github.com/gorilla/context
  version: 08b5f424b9271eedf6f9f0ce86cb9396ed337a42
- name: github.com/gorilla/mux
  version: 392c28fe23e1c45ddba891b0320b3b5df220beea
- name: github.com/jinzhu/gorm
  version: 7fb9b62c17d90320e0582a4720db025c1652fd6a
- name: github.com/jinzhu/inflection
  version: 1c35d901db3da928c72a72d8458480cc9ade058f
- name: github.com/urfave/negroni
  version: b0a6f4500e67c3e53f2d1563cca1563ab9777533
devImports: []
